
Microsoft Visual Studio Solution File, Format Version 12.00
# Visual Studio Version 16
VisualStudioVersion = 16.0.31424.327
MinimumVisualStudioVersion = 10.0.40219.1
Project("{FAE04EC0-301F-11D3-BF4B-00C04F79EFBC}") = "Morse", "Morse\Morse.csproj", "{744DED38-20BD-43A0-B42B-FC19B21FA19C}"
EndProject
Global
	GlobalSection(SolutionConfigurationPlatforms) = preSolution
		Debug|Any CPU = Debug|Any CPU
		Release|Any CPU = Release|Any CPU
	EndGlobalSection
	GlobalSection(ProjectConfigurationPlatforms) = postSolution
		{744DED38-20BD-43A0-B42B-FC19B21FA19C}.Debug|Any CPU.ActiveCfg = Debug|Any CPU
		{744DED38-20BD-43A0-B42B-FC19B21FA19C}.Debug|Any CPU.Build.0 = Debug|Any CPU
		{744DED38-20BD-43A0-B42B-FC19B21FA19C}.Release|Any CPU.ActiveCfg = Release|Any CPU
		{744DED38-20BD-43A0-B42B-FC19B21FA19C}.Release|Any CPU.Build.0 = Release|Any CPU
	EndGlobalSection
	GlobalSection(SolutionProperties) = preSolution
		HideSolutionNode = FALSE
	EndGlobalSection
	GlobalSection(ExtensibilityGlobals) = postSolution
		SolutionGuid = {B4C09F1F-543F-40BF-9B8B-E0D04824C64C}
	EndGlobalSection
EndGlobal
